Microsoft Visual Studio Solution File, Format Version 12.00
# Visual Studio Version 17
VisualStudioVersion = 17.0.31815.197
MinimumVisualStudioVersion = 10.0.40219.1
Project("{9A19103F-16F7-4668-BE54-9A1E7A4F7556}") = "NeoAssets", "NeoAssets\NeoAssets.csproj", "{2BFED3EA-C28A-4637-9904-31B1793AC233}"
EndProject
Project("{2150E333-8FDC-42A3-9474-1A3956D46DE8}") = "Setup", "Setup", "{A63E5B95-9CFC-4A74-8DB3-7E6901319E6D}"
	ProjectSection(SolutionItems) = preProject
		.gitignore = .gitignore
		README.md = README.md
	EndProjectSection
EndProject
Project("{9A19103F-16F7-4668-BE54-9A1E7A4F7556}") = "NeoBakedVolumes", "NeoBakedVolumes\NeoBakedVolumes.csproj", "{E73A1096-293B-46A1-8A17-9F3DA2005319}"
EndProject
Project("{9A19103F-16F7-4668-BE54-9A1E7A4F7556}") = "NeoRepositories", "NeoRepositories\NeoRepositories.csproj", "{2D405416-09BC-483E-B17E-7BF27F43F7A7}"
EndProject
Project("{9A19103F-16F7-4668-BE54-9A1E7A4F7556}") = "NeoCuratedCollections", "NeoCuratedCollections\NeoCuratedCollections.csproj", "{FEFA0CA6-FF13-4145-AA9C-5122B7BA40F5}"
EndProject
Project("{9A19103F-16F7-4668-BE54-9A1E7A4F7556}") = "NeoCommon", "NeoCommon\NeoCommon.csproj", "{8EC9883B-60B1-4AC9-89F8-F81D72B04B18}"
EndProject
Project("{2150E333-8FDC-42A3-9474-1A3956D46DE8}") = "Solution Items", "Solution Items", "{05F2F80D-302B-4ABF-907A-3FD07B068A5D}"
	ProjectSection(SolutionItems) = preProject
		.filenesting.json = .filenesting.json
		BakedFileService.service = BakedFileService.service
		publish_push.sh = publish_push.sh
	EndProjectSection
EndProject
Project("{9A19103F-16F7-4668-BE54-9A1E7A4F7556}") = "NeoScry", "NeoScry\NeoScry.csproj", "{C9745088-44A8-4EF9-BD42-558D61F6E8E4}"
EndProject
Project("{9A19103F-16F7-4668-BE54-9A1E7A4F7556}") = "Tester", "Tester\Tester.csproj", "{7E1A5D8F-EC99-4659-9B45-FFCB6EB908EC}"
EndProject
Project("{9A19103F-16F7-4668-BE54-9A1E7A4F7556}") = "BakedFileService", "BakedFileService\BakedFileService.csproj", "{6164CE04-2C0E-4DC4-BDBB-F94839CEBCD0}"
EndProject
Project("{9A19103F-16F7-4668-BE54-9A1E7A4F7556}") = "LibProtos", "LibProtos\LibProtos.csproj", "{22AD55D5-25EC-49B5-8EE0-05D42C0D1405}"
EndProject
Project("{2150E333-8FDC-42A3-9474-1A3956D46DE8}") = "Assimilation", "Assimilation", "{B859D297-8402-4902-965B-CC1D0D149B74}"
	ProjectSection(SolutionItems) = preProject
		Assimilation\Readme.md = Assimilation\Readme.md
	EndProjectSection
EndProject
Project("{2150E333-8FDC-42A3-9474-1A3956D46DE8}") = "WebDav Server", "WebDav Server", "{C1A0688D-5B92-40EC-B3D7-94081F035FAB}"
EndProject
Project("{9A19103F-16F7-4668-BE54-9A1E7A4F7556}") = "Linux_FuseFilesystem", "Linux_FuseFilesystem\Linux_FuseFilesystem.csproj", "{72C51EC3-5BCB-4D0B-8A9C-FA90EEEE947C}"
EndProject
Project("{2150E333-8FDC-42A3-9474-1A3956D46DE8}") = "Filesystems", "Filesystems", "{B5D48FB0-7D73-4108-B804-A3354BB4DC20}"
EndProject
Project("{9A19103F-16F7-4668-BE54-9A1E7A4F7556}") = "Tmds.Fuse", "Tmds.Fuse-master\src\Tmds.Fuse\Tmds.Fuse.csproj", "{42BBB645-4BDB-4583-9492-E2D8A341DD68}"
EndProject
Project("{9A19103F-16F7-4668-BE54-9A1E7A4F7556}") = "TestLibC", "TestLibC\TestLibC.csproj", "{040A7873-0A00-4853-AFA4-BB0F441B8EEE}"
EndProject
Project("{9A19103F-16F7-4668-BE54-9A1E7A4F7556}") = "NeoFS", "NeoFS\NeoFS.csproj", "{EBD0ADB2-FF9A-4E49-99B9-EBE7CB186399}"
EndProject
Project("{9A19103F-16F7-4668-BE54-9A1E7A4F7556}") = "NeoVirtFS", "NeoVirtFS\NeoVirtFS.csproj", "{05550020-982E-4E63-8329-A6BCE5A10046}"
EndProject
Project("{9A19103F-16F7-4668-BE54-9A1E7A4F7556}") = "NeoCli", "NeoCli\NeoCli.csproj", "{C3F197A6-B749-4AFB-9A88-7FBA29A35895}"
EndProject
Project("{9A19103F-16F7-4668-BE54-9A1E7A4F7556}") = "PenguinSanitizer", "PenguinSanitizer\PenguinSanitizer.csproj", "{3BB12802-1C12-4713-9B70-437763227B9A}"
EndProject
Project("{9A19103F-16F7-4668-BE54-9A1E7A4F7556}") = "NeoCliFunctions", "NeoCliFunctions\NeoCliFunctions.csproj", "{BC7901F5-168B-4586-8933-892DC2D72733}"
EndProject
Project("{9A19103F-16F7-4668-BE54-9A1E7A4F7556}") = "NeoProcessingServer", "NeoProcessingServer\NeoProcessingServer.csproj", "{1272FB77-1DA5-4453-9C08-52EB3BAF1650}"
EndProject
Project("{2150E333-8FDC-42A3-9474-1A3956D46DE8}") = "Sisyphus", "Sisyphus", "{A4A55E16-183D-4BD0-AE85-FB14AEF780B3}"
	ProjectSection(SolutionItems) = preProject
		analysis.txt = analysis.txt
	EndProjectSection
EndProject
Project("{9A19103F-16F7-4668-BE54-9A1E7A4F7556}") = "Sisyphus-HostController", "Sisyphus-HostController\Sisyphus-HostController.csproj", "{9652E4B9-92A5-49A3-A2E8-86ABAF0AA906}"
EndProject
Project("{9A19103F-16F7-4668-BE54-9A1E7A4F7556}") = "Sisyphus-cli", "Sisyphus-cli\Sisyphus-cli.csproj", "{035239A7-7C87-4FAD-BC19-D59A0574B518}"
EndProject
Project("{9A19103F-16F7-4668-BE54-9A1E7A4F7556}") = "NeoAutoCuration", "NeoAutoCuration\NeoAutoCuration.csproj", "{B8F5B598-C2C4-4857-AEA8-94E5F568C8F7}"
EndProject
Project("{9A19103F-16F7-4668-BE54-9A1E7A4F7556}") = "SisyphusLib", "SisyphusLib\SisyphusLib.csproj", "{47E091DE-101F-47CE-B9C5-456F366237CD}"
EndProject
Project("{9A19103F-16F7-4668-BE54-9A1E7A4F7556}") = "SisyphusProtos", "SisyphusProtos\SisyphusProtos.csproj", "{C02FDD18-4D21-43BA-A30D-94D31A900769}"
EndProject
Project("{9A19103F-16F7-4668-BE54-9A1E7A4F7556}") = "NeoCMS", "NeoCMS\NeoCMS\NeoCMS.csproj", "{BCC804F9-A9A5-4EA0-B4CA-584CBB6C04A3}"
EndProject
Project("{9A19103F-16F7-4668-BE54-9A1E7A4F7556}") = "NeoCMS.Client", "NeoCMS\NeoCMS.Client\NeoCMS.Client.csproj", "{A79CE7E3-AEDC-4953-A5BC-6D006B45704F}"
EndProject
Project("{FAE04EC0-301F-11D3-BF4B-00C04F79EFBC}") = "NeoLegacyLogic", "NeoLegacyLogic\NeoLegacyLogic.csproj", "{003193B6-69EE-46C6-B47C-0E29DF949301}"
EndProject
Global
	GlobalSection(SolutionConfigurationPlatforms) = preSolution
		Debug|Any CPU = Debug|Any CPU
		Release|Any CPU = Release|Any CPU
	EndGlobalSection
	GlobalSection(ProjectConfigurationPlatforms) = postSolution
		{2BFED3EA-C28A-4637-9904-31B1793AC233}.Debug|Any CPU.ActiveCfg = Debug|Any CPU
		{2BFED3EA-C28A-4637-9904-31B1793AC233}.Debug|Any CPU.Build.0 = Debug|Any CPU
		{2BFED3EA-C28A-4637-9904-31B1793AC233}.Release|Any CPU.ActiveCfg = Release|Any CPU
		{2BFED3EA-C28A-4637-9904-31B1793AC233}.Release|Any CPU.Build.0 = Release|Any CPU
		{E73A1096-293B-46A1-8A17-9F3DA2005319}.Debug|Any CPU.ActiveCfg = Debug|Any CPU
		{E73A1096-293B-46A1-8A17-9F3DA2005319}.Debug|Any CPU.Build.0 = Debug|Any CPU
		{E73A1096-293B-46A1-8A17-9F3DA2005319}.Release|Any CPU.ActiveCfg = Release|Any CPU
		{E73A1096-293B-46A1-8A17-9F3DA2005319}.Release|Any CPU.Build.0 = Release|Any CPU
		{2D405416-09BC-483E-B17E-7BF27F43F7A7}.Debug|Any CPU.ActiveCfg = Debug|Any CPU
		{2D405416-09BC-483E-B17E-7BF27F43F7A7}.Debug|Any CPU.Build.0 = Debug|Any CPU
		{2D405416-09BC-483E-B17E-7BF27F43F7A7}.Release|Any CPU.ActiveCfg = Release|Any CPU
		{2D405416-09BC-483E-B17E-7BF27F43F7A7}.Release|Any CPU.Build.0 = Release|Any CPU
		{FEFA0CA6-FF13-4145-AA9C-5122B7BA40F5}.Debug|Any CPU.ActiveCfg = Debug|Any CPU
		{FEFA0CA6-FF13-4145-AA9C-5122B7BA40F5}.Debug|Any CPU.Build.0 = Debug|Any CPU
		{FEFA0CA6-FF13-4145-AA9C-5122B7BA40F5}.Release|Any CPU.ActiveCfg = Release|Any CPU
		{FEFA0CA6-FF13-4145-AA9C-5122B7BA40F5}.Release|Any CPU.Build.0 = Release|Any CPU
		{8EC9883B-60B1-4AC9-89F8-F81D72B04B18}.Debug|Any CPU.ActiveCfg = Debug|Any CPU
		{8EC9883B-60B1-4AC9-89F8-F81D72B04B18}.Debug|Any CPU.Build.0 = Debug|Any CPU
		{8EC9883B-60B1-4AC9-89F8-F81D72B04B18}.Release|Any CPU.ActiveCfg = Release|Any CPU
		{8EC9883B-60B1-4AC9-89F8-F81D72B04B18}.Release|Any CPU.Build.0 = Release|Any CPU
		{C9745088-44A8-4EF9-BD42-558D61F6E8E4}.Debug|Any CPU.ActiveCfg = Debug|Any CPU
		{C9745088-44A8-4EF9-BD42-558D61F6E8E4}.Debug|Any CPU.Build.0 = Debug|Any CPU
		{C9745088-44A8-4EF9-BD42-558D61F6E8E4}.Release|Any CPU.ActiveCfg = Release|Any CPU
		{C9745088-44A8-4EF9-BD42-558D61F6E8E4}.Release|Any CPU.Build.0 = Release|Any CPU
		{7E1A5D8F-EC99-4659-9B45-FFCB6EB908EC}.Debug|Any CPU.ActiveCfg = Debug|Any CPU
		{7E1A5D8F-EC99-4659-9B45-FFCB6EB908EC}.Debug|Any CPU.Build.0 = Debug|Any CPU
		{7E1A5D8F-EC99-4659-9B45-FFCB6EB908EC}.Release|Any CPU.ActiveCfg = Release|Any CPU
		{7E1A5D8F-EC99-4659-9B45-FFCB6EB908EC}.Release|Any CPU.Build.0 = Release|Any CPU
		{6164CE04-2C0E-4DC4-BDBB-F94839CEBCD0}.Debug|Any CPU.ActiveCfg = Debug|Any CPU
		{6164CE04-2C0E-4DC4-BDBB-F94839CEBCD0}.Debug|Any CPU.Build.0 = Debug|Any CPU
		{6164CE04-2C0E-4DC4-BDBB-F94839CEBCD0}.Release|Any CPU.ActiveCfg = Release|Any CPU
		{6164CE04-2C0E-4DC4-BDBB-F94839CEBCD0}.Release|Any CPU.Build.0 = Release|Any CPU
		{22AD55D5-25EC-49B5-8EE0-05D42C0D1405}.Debug|Any CPU.ActiveCfg = Debug|Any CPU
		{22AD55D5-25EC-49B5-8EE0-05D42C0D1405}.Debug|Any CPU.Build.0 = Debug|Any CPU
		{22AD55D5-25EC-49B5-8EE0-05D42C0D1405}.Release|Any CPU.ActiveCfg = Release|Any CPU
		{22AD55D5-25EC-49B5-8EE0-05D42C0D1405}.Release|Any CPU.Build.0 = Release|Any CPU
		{72C51EC3-5BCB-4D0B-8A9C-FA90EEEE947C}.Debug|Any CPU.ActiveCfg = Debug|Any CPU
		{72C51EC3-5BCB-4D0B-8A9C-FA90EEEE947C}.Debug|Any CPU.Build.0 = Debug|Any CPU
		{72C51EC3-5BCB-4D0B-8A9C-FA90EEEE947C}.Release|Any CPU.ActiveCfg = Release|Any CPU
		{72C51EC3-5BCB-4D0B-8A9C-FA90EEEE947C}.Release|Any CPU.Build.0 = Release|Any CPU
		{42BBB645-4BDB-4583-9492-E2D8A341DD68}.Debug|Any CPU.ActiveCfg = Debug|Any CPU
		{42BBB645-4BDB-4583-9492-E2D8A341DD68}.Debug|Any CPU.Build.0 = Debug|Any CPU
		{42BBB645-4BDB-4583-9492-E2D8A341DD68}.Release|Any CPU.ActiveCfg = Release|Any CPU
		{42BBB645-4BDB-4583-9492-E2D8A341DD68}.Release|Any CPU.Build.0 = Release|Any CPU
		{040A7873-0A00-4853-AFA4-BB0F441B8EEE}.Debug|Any CPU.ActiveCfg = Debug|Any CPU
		{040A7873-0A00-4853-AFA4-BB0F441B8EEE}.Debug|Any CPU.Build.0 = Debug|Any CPU
		{040A7873-0A00-4853-AFA4-BB0F441B8EEE}.Release|Any CPU.ActiveCfg = Release|Any CPU
		{040A7873-0A00-4853-AFA4-BB0F441B8EEE}.Release|Any CPU.Build.0 = Release|Any CPU
		{EBD0ADB2-FF9A-4E49-99B9-EBE7CB186399}.Debug|Any CPU.ActiveCfg = Debug|Any CPU
		{EBD0ADB2-FF9A-4E49-99B9-EBE7CB186399}.Debug|Any CPU.Build.0 = Debug|Any CPU
		{EBD0ADB2-FF9A-4E49-99B9-EBE7CB186399}.Release|Any CPU.ActiveCfg = Release|Any CPU
		{EBD0ADB2-FF9A-4E49-99B9-EBE7CB186399}.Release|Any CPU.Build.0 = Release|Any CPU
		{05550020-982E-4E63-8329-A6BCE5A10046}.Debug|Any CPU.ActiveCfg = Debug|Any CPU
		{05550020-982E-4E63-8329-A6BCE5A10046}.Debug|Any CPU.Build.0 = Debug|Any CPU
		{05550020-982E-4E63-8329-A6BCE5A10046}.Release|Any CPU.ActiveCfg = Release|Any CPU
		{05550020-982E-4E63-8329-A6BCE5A10046}.Release|Any CPU.Build.0 = Release|Any CPU
		{C3F197A6-B749-4AFB-9A88-7FBA29A35895}.Debug|Any CPU.ActiveCfg = Debug|Any CPU
		{C3F197A6-B749-4AFB-9A88-7FBA29A35895}.Debug|Any CPU.Build.0 = Debug|Any CPU
		{C3F197A6-B749-4AFB-9A88-7FBA29A35895}.Release|Any CPU.ActiveCfg = Release|Any CPU
		{C3F197A6-B749-4AFB-9A88-7FBA29A35895}.Release|Any CPU.Build.0 = Release|Any CPU
		{3BB12802-1C12-4713-9B70-437763227B9A}.Debug|Any CPU.ActiveCfg = Debug|Any CPU
		{3BB12802-1C12-4713-9B70-437763227B9A}.Debug|Any CPU.Build.0 = Debug|Any CPU
		{3BB12802-1C12-4713-9B70-437763227B9A}.Release|Any CPU.ActiveCfg = Release|Any CPU
		{3BB12802-1C12-4713-9B70-437763227B9A}.Release|Any CPU.Build.0 = Release|Any CPU
		{BC7901F5-168B-4586-8933-892DC2D72733}.Debug|Any CPU.ActiveCfg = Debug|Any CPU
		{BC7901F5-168B-4586-8933-892DC2D72733}.Debug|Any CPU.Build.0 = Debug|Any CPU
		{BC7901F5-168B-4586-8933-892DC2D72733}.Release|Any CPU.ActiveCfg = Release|Any CPU
		{BC7901F5-168B-4586-8933-892DC2D72733}.Release|Any CPU.Build.0 = Release|Any CPU
		{1272FB77-1DA5-4453-9C08-52EB3BAF1650}.Debug|Any CPU.ActiveCfg = Debug|Any CPU
		{1272FB77-1DA5-4453-9C08-52EB3BAF1650}.Debug|Any CPU.Build.0 = Debug|Any CPU
		{1272FB77-1DA5-4453-9C08-52EB3BAF1650}.Release|Any CPU.ActiveCfg = Release|Any CPU
		{1272FB77-1DA5-4453-9C08-52EB3BAF1650}.Release|Any CPU.Build.0 = Release|Any CPU
		{9652E4B9-92A5-49A3-A2E8-86ABAF0AA906}.Debug|Any CPU.ActiveCfg = Debug|Any CPU
		{9652E4B9-92A5-49A3-A2E8-86ABAF0AA906}.Debug|Any CPU.Build.0 = Debug|Any CPU
		{9652E4B9-92A5-49A3-A2E8-86ABAF0AA906}.Release|Any CPU.ActiveCfg = Release|Any CPU
		{9652E4B9-92A5-49A3-A2E8-86ABAF0AA906}.Release|Any CPU.Build.0 = Release|Any CPU
		{035239A7-7C87-4FAD-BC19-D59A0574B518}.Debug|Any CPU.ActiveCfg = Debug|Any CPU
		{035239A7-7C87-4FAD-BC19-D59A0574B518}.Debug|Any CPU.Build.0 = Debug|Any CPU
		{035239A7-7C87-4FAD-BC19-D59A0574B518}.Release|Any CPU.ActiveCfg = Release|Any CPU
		{035239A7-7C87-4FAD-BC19-D59A0574B518}.Release|Any CPU.Build.0 = Release|Any CPU
		{B8F5B598-C2C4-4857-AEA8-94E5F568C8F7}.Debug|Any CPU.ActiveCfg = Debug|Any CPU
		{B8F5B598-C2C4-4857-AEA8-94E5F568C8F7}.Debug|Any CPU.Build.0 = Debug|Any CPU
		{B8F5B598-C2C4-4857-AEA8-94E5F568C8F7}.Release|Any CPU.ActiveCfg = Release|Any CPU
		{B8F5B598-C2C4-4857-AEA8-94E5F568C8F7}.Release|Any CPU.Build.0 = Release|Any CPU
		{47E091DE-101F-47CE-B9C5-456F366237CD}.Debug|Any CPU.ActiveCfg = Debug|Any CPU
		{47E091DE-101F-47CE-B9C5-456F366237CD}.Debug|Any CPU.Build.0 = Debug|Any CPU
		{47E091DE-101F-47CE-B9C5-456F366237CD}.Release|Any CPU.ActiveCfg = Release|Any CPU
		{47E091DE-101F-47CE-B9C5-456F366237CD}.Release|Any CPU.Build.0 = Release|Any CPU
		{C02FDD18-4D21-43BA-A30D-94D31A900769}.Debug|Any CPU.ActiveCfg = Debug|Any CPU
		{C02FDD18-4D21-43BA-A30D-94D31A900769}.Debug|Any CPU.Build.0 = Debug|Any CPU
		{C02FDD18-4D21-43BA-A30D-94D31A900769}.Release|Any CPU.ActiveCfg = Release|Any CPU
		{C02FDD18-4D21-43BA-A30D-94D31A900769}.Release|Any CPU.Build.0 = Release|Any CPU
		{BCC804F9-A9A5-4EA0-B4CA-584CBB6C04A3}.Debug|Any CPU.ActiveCfg = Debug|Any CPU
		{BCC804F9-A9A5-4EA0-B4CA-584CBB6C04A3}.Debug|Any CPU.Build.0 = Debug|Any CPU
		{BCC804F9-A9A5-4EA0-B4CA-584CBB6C04A3}.Release|Any CPU.ActiveCfg = Release|Any CPU
		{BCC804F9-A9A5-4EA0-B4CA-584CBB6C04A3}.Release|Any CPU.Build.0 = Release|Any CPU
		{A79CE7E3-AEDC-4953-A5BC-6D006B45704F}.Debug|Any CPU.ActiveCfg = Debug|Any CPU
		{A79CE7E3-AEDC-4953-A5BC-6D006B45704F}.Debug|Any CPU.Build.0 = Debug|Any CPU
		{A79CE7E3-AEDC-4953-A5BC-6D006B45704F}.Release|Any CPU.ActiveCfg = Release|Any CPU
		{A79CE7E3-AEDC-4953-A5BC-6D006B45704F}.Release|Any CPU.Build.0 = Release|Any CPU
		{003193B6-69EE-46C6-B47C-0E29DF949301}.Debug|Any CPU.ActiveCfg = Debug|Any CPU
		{003193B6-69EE-46C6-B47C-0E29DF949301}.Debug|Any CPU.Build.0 = Debug|Any CPU
		{003193B6-69EE-46C6-B47C-0E29DF949301}.Release|Any CPU.ActiveCfg = Release|Any CPU
		{003193B6-69EE-46C6-B47C-0E29DF949301}.Release|Any CPU.Build.0 = Release|Any CPU
	EndGlobalSection
	GlobalSection(SolutionProperties) = preSolution
		HideSolutionNode = FALSE
	EndGlobalSection
	GlobalSection(NestedProjects) = preSolution
		{72C51EC3-5BCB-4D0B-8A9C-FA90EEEE947C} = {B5D48FB0-7D73-4108-B804-A3354BB4DC20}
		{42BBB645-4BDB-4583-9492-E2D8A341DD68} = {B5D48FB0-7D73-4108-B804-A3354BB4DC20}
		{05550020-982E-4E63-8329-A6BCE5A10046} = {B5D48FB0-7D73-4108-B804-A3354BB4DC20}
		{9652E4B9-92A5-49A3-A2E8-86ABAF0AA906} = {A4A55E16-183D-4BD0-AE85-FB14AEF780B3}
		{035239A7-7C87-4FAD-BC19-D59A0574B518} = {A4A55E16-183D-4BD0-AE85-FB14AEF780B3}
		{47E091DE-101F-47CE-B9C5-456F366237CD} = {A4A55E16-183D-4BD0-AE85-FB14AEF780B3}
		{C02FDD18-4D21-43BA-A30D-94D31A900769} = {A4A55E16-183D-4BD0-AE85-FB14AEF780B3}
	EndGlobalSection
	GlobalSection(ExtensibilityGlobals) = postSolution
		SolutionGuid = {9E8FBEA0-7638-46EE-86E0-1826B23978C5}
	EndGlobalSection
EndGlobal
