
Microsoft Visual Studio Solution File, Format Version 12.00
# Visual Studio Version 16
VisualStudioVersion = 16.0.30717.126
MinimumVisualStudioVersion = 10.0.40219.1
Project("{9A19103F-16F7-4668-BE54-9A1E7A4F7556}") = "NeoAssets", "NeoAssets\NeoAssets.csproj", "{2BFED3EA-C28A-4637-9904-31B1793AC233}"
EndProject
Project("{2150E333-8FDC-42A3-9474-1A3956D46DE8}") = "Setup", "Setup", "{A63E5B95-9CFC-4A74-8DB3-7E6901319E6D}"
	ProjectSection(SolutionItems) = preProject
		.gitignore = .gitignore
		README.md = README.md
	EndProjectSection
EndProject
Project("{9A19103F-16F7-4668-BE54-9A1E7A4F7556}") = "NeoBakedVolumes", "NeoBakedVolumes\NeoBakedVolumes.csproj", "{E73A1096-293B-46A1-8A17-9F3DA2005319}"
EndProject
Project("{9A19103F-16F7-4668-BE54-9A1E7A4F7556}") = "NeoRepositories", "NeoRepositories\NeoRepositories.csproj", "{2D405416-09BC-483E-B17E-7BF27F43F7A7}"
EndProject
Project("{9A19103F-16F7-4668-BE54-9A1E7A4F7556}") = "NeoCuratedCollections", "NeoCuratedCollections\NeoCuratedCollections.csproj", "{FEFA0CA6-FF13-4145-AA9C-5122B7BA40F5}"
EndProject
Project("{9A19103F-16F7-4668-BE54-9A1E7A4F7556}") = "NeoCommon", "NeoCommon\NeoCommon.csproj", "{8EC9883B-60B1-4AC9-89F8-F81D72B04B18}"
EndProject
Project("{9A19103F-16F7-4668-BE54-9A1E7A4F7556}") = "NeoAlexandriaManager", "NeoAlexandriaManager\NeoAlexandriaManager.csproj", "{1DFBB58A-99D5-42B3-A04D-886DA8162CA7}"
EndProject
Project("{9A19103F-16F7-4668-BE54-9A1E7A4F7556}") = "NeoAlexandriaService", "NeoAlexandriaService\NeoAlexandriaService.csproj", "{0882B724-7673-4D6E-98AA-EF8BB6921216}"
EndProject
Project("{2150E333-8FDC-42A3-9474-1A3956D46DE8}") = "Solution Items", "Solution Items", "{05F2F80D-302B-4ABF-907A-3FD07B068A5D}"
	ProjectSection(SolutionItems) = preProject
		.filenesting.json = .filenesting.json
		BakedFileService.service = BakedFileService.service
		publish_push.sh = publish_push.sh
	EndProjectSection
EndProject
Project("{9A19103F-16F7-4668-BE54-9A1E7A4F7556}") = "NeoScry", "NeoScry\NeoScry.csproj", "{C9745088-44A8-4EF9-BD42-558D61F6E8E4}"
EndProject
Project("{9A19103F-16F7-4668-BE54-9A1E7A4F7556}") = "Tester", "Tester\Tester.csproj", "{7E1A5D8F-EC99-4659-9B45-FFCB6EB908EC}"
EndProject
Project("{9A19103F-16F7-4668-BE54-9A1E7A4F7556}") = "BakedFileService", "BakedFileService\BakedFileService.csproj", "{6164CE04-2C0E-4DC4-BDBB-F94839CEBCD0}"
EndProject
Project("{9A19103F-16F7-4668-BE54-9A1E7A4F7556}") = "LibProtos", "LibProtos\LibProtos.csproj", "{22AD55D5-25EC-49B5-8EE0-05D42C0D1405}"
EndProject
Project("{9A19103F-16F7-4668-BE54-9A1E7A4F7556}") = "Windows_DokanFilesystem", "NeoDokan_AssetFs\Windows_DokanFilesystem.csproj", "{B7D90558-25AA-4BEE-B608-CC0BA6BEF340}"
EndProject
Project("{2150E333-8FDC-42A3-9474-1A3956D46DE8}") = "Assimilation", "Assimilation", "{B859D297-8402-4902-965B-CC1D0D149B74}"
	ProjectSection(SolutionItems) = preProject
		Assimilation\Readme.md = Assimilation\Readme.md
	EndProjectSection
EndProject
Project("{2150E333-8FDC-42A3-9474-1A3956D46DE8}") = "WebDav Server", "WebDav Server", "{C1A0688D-5B92-40EC-B3D7-94081F035FAB}"
EndProject
Project("{FAE04EC0-301F-11D3-BF4B-00C04F79EFBC}") = "Linux_FuseFilesystem", "Linux_FuseFilesystem\Linux_FuseFilesystem.csproj", "{72C51EC3-5BCB-4D0B-8A9C-FA90EEEE947C}"
EndProject
Project("{2150E333-8FDC-42A3-9474-1A3956D46DE8}") = "Filesystems", "Filesystems", "{B5D48FB0-7D73-4108-B804-A3354BB4DC20}"
EndProject
Project("{9A19103F-16F7-4668-BE54-9A1E7A4F7556}") = "Tmds.Fuse", "Tmds.Fuse-master\src\Tmds.Fuse\Tmds.Fuse.csproj", "{42BBB645-4BDB-4583-9492-E2D8A341DD68}"
EndProject
Global
	GlobalSection(SolutionConfigurationPlatforms) = preSolution
		Debug|Any CPU = Debug|Any CPU
		Release|Any CPU = Release|Any CPU
	EndGlobalSection
	GlobalSection(ProjectConfigurationPlatforms) = postSolution
		{2BFED3EA-C28A-4637-9904-31B1793AC233}.Debug|Any CPU.ActiveCfg = Debug|Any CPU
		{2BFED3EA-C28A-4637-9904-31B1793AC233}.Debug|Any CPU.Build.0 = Debug|Any CPU
		{2BFED3EA-C28A-4637-9904-31B1793AC233}.Release|Any CPU.ActiveCfg = Release|Any CPU
		{2BFED3EA-C28A-4637-9904-31B1793AC233}.Release|Any CPU.Build.0 = Release|Any CPU
		{E73A1096-293B-46A1-8A17-9F3DA2005319}.Debug|Any CPU.ActiveCfg = Debug|Any CPU
		{E73A1096-293B-46A1-8A17-9F3DA2005319}.Debug|Any CPU.Build.0 = Debug|Any CPU
		{E73A1096-293B-46A1-8A17-9F3DA2005319}.Release|Any CPU.ActiveCfg = Release|Any CPU
		{E73A1096-293B-46A1-8A17-9F3DA2005319}.Release|Any CPU.Build.0 = Release|Any CPU
		{2D405416-09BC-483E-B17E-7BF27F43F7A7}.Debug|Any CPU.ActiveCfg = Debug|Any CPU
		{2D405416-09BC-483E-B17E-7BF27F43F7A7}.Debug|Any CPU.Build.0 = Debug|Any CPU
		{2D405416-09BC-483E-B17E-7BF27F43F7A7}.Release|Any CPU.ActiveCfg = Release|Any CPU
		{2D405416-09BC-483E-B17E-7BF27F43F7A7}.Release|Any CPU.Build.0 = Release|Any CPU
		{FEFA0CA6-FF13-4145-AA9C-5122B7BA40F5}.Debug|Any CPU.ActiveCfg = Debug|Any CPU
		{FEFA0CA6-FF13-4145-AA9C-5122B7BA40F5}.Debug|Any CPU.Build.0 = Debug|Any CPU
		{FEFA0CA6-FF13-4145-AA9C-5122B7BA40F5}.Release|Any CPU.ActiveCfg = Release|Any CPU
		{FEFA0CA6-FF13-4145-AA9C-5122B7BA40F5}.Release|Any CPU.Build.0 = Release|Any CPU
		{8EC9883B-60B1-4AC9-89F8-F81D72B04B18}.Debug|Any CPU.ActiveCfg = Debug|Any CPU
		{8EC9883B-60B1-4AC9-89F8-F81D72B04B18}.Debug|Any CPU.Build.0 = Debug|Any CPU
		{8EC9883B-60B1-4AC9-89F8-F81D72B04B18}.Release|Any CPU.ActiveCfg = Release|Any CPU
		{8EC9883B-60B1-4AC9-89F8-F81D72B04B18}.Release|Any CPU.Build.0 = Release|Any CPU
		{1DFBB58A-99D5-42B3-A04D-886DA8162CA7}.Debug|Any CPU.ActiveCfg = Debug|Any CPU
		{1DFBB58A-99D5-42B3-A04D-886DA8162CA7}.Debug|Any CPU.Build.0 = Debug|Any CPU
		{1DFBB58A-99D5-42B3-A04D-886DA8162CA7}.Release|Any CPU.ActiveCfg = Release|Any CPU
		{1DFBB58A-99D5-42B3-A04D-886DA8162CA7}.Release|Any CPU.Build.0 = Release|Any CPU
		{0882B724-7673-4D6E-98AA-EF8BB6921216}.Debug|Any CPU.ActiveCfg = Debug|Any CPU
		{0882B724-7673-4D6E-98AA-EF8BB6921216}.Debug|Any CPU.Build.0 = Debug|Any CPU
		{0882B724-7673-4D6E-98AA-EF8BB6921216}.Release|Any CPU.ActiveCfg = Release|Any CPU
		{0882B724-7673-4D6E-98AA-EF8BB6921216}.Release|Any CPU.Build.0 = Release|Any CPU
		{C9745088-44A8-4EF9-BD42-558D61F6E8E4}.Debug|Any CPU.ActiveCfg = Debug|Any CPU
		{C9745088-44A8-4EF9-BD42-558D61F6E8E4}.Debug|Any CPU.Build.0 = Debug|Any CPU
		{C9745088-44A8-4EF9-BD42-558D61F6E8E4}.Release|Any CPU.ActiveCfg = Release|Any CPU
		{C9745088-44A8-4EF9-BD42-558D61F6E8E4}.Release|Any CPU.Build.0 = Release|Any CPU
		{7E1A5D8F-EC99-4659-9B45-FFCB6EB908EC}.Debug|Any CPU.ActiveCfg = Debug|Any CPU
		{7E1A5D8F-EC99-4659-9B45-FFCB6EB908EC}.Debug|Any CPU.Build.0 = Debug|Any CPU
		{7E1A5D8F-EC99-4659-9B45-FFCB6EB908EC}.Release|Any CPU.ActiveCfg = Release|Any CPU
		{7E1A5D8F-EC99-4659-9B45-FFCB6EB908EC}.Release|Any CPU.Build.0 = Release|Any CPU
		{6164CE04-2C0E-4DC4-BDBB-F94839CEBCD0}.Debug|Any CPU.ActiveCfg = Debug|Any CPU
		{6164CE04-2C0E-4DC4-BDBB-F94839CEBCD0}.Debug|Any CPU.Build.0 = Debug|Any CPU
		{6164CE04-2C0E-4DC4-BDBB-F94839CEBCD0}.Release|Any CPU.ActiveCfg = Release|Any CPU
		{6164CE04-2C0E-4DC4-BDBB-F94839CEBCD0}.Release|Any CPU.Build.0 = Release|Any CPU
		{22AD55D5-25EC-49B5-8EE0-05D42C0D1405}.Debug|Any CPU.ActiveCfg = Debug|Any CPU
		{22AD55D5-25EC-49B5-8EE0-05D42C0D1405}.Debug|Any CPU.Build.0 = Debug|Any CPU
		{22AD55D5-25EC-49B5-8EE0-05D42C0D1405}.Release|Any CPU.ActiveCfg = Release|Any CPU
		{22AD55D5-25EC-49B5-8EE0-05D42C0D1405}.Release|Any CPU.Build.0 = Release|Any CPU
		{B7D90558-25AA-4BEE-B608-CC0BA6BEF340}.Debug|Any CPU.ActiveCfg = Debug|Any CPU
		{B7D90558-25AA-4BEE-B608-CC0BA6BEF340}.Debug|Any CPU.Build.0 = Debug|Any CPU
		{B7D90558-25AA-4BEE-B608-CC0BA6BEF340}.Release|Any CPU.ActiveCfg = Release|Any CPU
		{B7D90558-25AA-4BEE-B608-CC0BA6BEF340}.Release|Any CPU.Build.0 = Release|Any CPU
		{72C51EC3-5BCB-4D0B-8A9C-FA90EEEE947C}.Debug|Any CPU.ActiveCfg = Debug|Any CPU
		{72C51EC3-5BCB-4D0B-8A9C-FA90EEEE947C}.Debug|Any CPU.Build.0 = Debug|Any CPU
		{72C51EC3-5BCB-4D0B-8A9C-FA90EEEE947C}.Release|Any CPU.ActiveCfg = Release|Any CPU
		{72C51EC3-5BCB-4D0B-8A9C-FA90EEEE947C}.Release|Any CPU.Build.0 = Release|Any CPU
		{42BBB645-4BDB-4583-9492-E2D8A341DD68}.Debug|Any CPU.ActiveCfg = Debug|Any CPU
		{42BBB645-4BDB-4583-9492-E2D8A341DD68}.Debug|Any CPU.Build.0 = Debug|Any CPU
		{42BBB645-4BDB-4583-9492-E2D8A341DD68}.Release|Any CPU.ActiveCfg = Release|Any CPU
		{42BBB645-4BDB-4583-9492-E2D8A341DD68}.Release|Any CPU.Build.0 = Release|Any CPU
	EndGlobalSection
	GlobalSection(SolutionProperties) = preSolution
		HideSolutionNode = FALSE
	EndGlobalSection
	GlobalSection(NestedProjects) = preSolution
		{B7D90558-25AA-4BEE-B608-CC0BA6BEF340} = {B5D48FB0-7D73-4108-B804-A3354BB4DC20}
		{72C51EC3-5BCB-4D0B-8A9C-FA90EEEE947C} = {B5D48FB0-7D73-4108-B804-A3354BB4DC20}
		{42BBB645-4BDB-4583-9492-E2D8A341DD68} = {B5D48FB0-7D73-4108-B804-A3354BB4DC20}
	EndGlobalSection
	GlobalSection(ExtensibilityGlobals) = postSolution
		SolutionGuid = {9E8FBEA0-7638-46EE-86E0-1826B23978C5}
	EndGlobalSection
EndGlobal
